{
  "name": "@hakibase/core",
  "version": "1.0.0",
  "lockfileVersion": 2,
  "requires": true,
  "packages": {
    "": {
      "name": "@hakibase/core",
      "version": "1.0.0",
      "license": "MIT",
      "dependencies": {
        "@types/node": "^14.11.8"
      },
      "devDependencies": {
        "typescript": "4.3.3"
      }
    },
    "node_modules/@types/node": {
      "version": "14.17.4",
      "resolved": "https://registry.npmjs.org/@types/node/-/node-14.17.4.tgz",
      "integrity": "sha512-8kQ3+wKGRNN0ghtEn7EGps/B8CzuBz1nXZEIGGLP2GnwbqYn4dbTs7k+VKLTq1HvZLRCIDtN3Snx1Ege8B7L5A=="
    },
    "node_modules/typescript": {
      "version": "4.3.3",
      "resolved": "https://registry.npmjs.org/typescript/-/typescript-4.3.3.tgz",
      "integrity": "sha512-rUvLW0WtF7PF2b9yenwWUi9Da9euvDRhmH7BLyBG4DCFfOJ850LGNknmRpp8Z8kXNUPObdZQEfKOiHtXuQHHKA==",
      "dev": true,
      "bin": {
        "tsc": "bin/tsc",
        "tsserver": "bin/tsserver"
      },
      "engines": {
        "node": ">=4.2.0"
      }
    }
  },
  "dependencies": {
    "@types/node": {
      "version": "14.17.4",
      "resolved": "https://registry.npmjs.org/@types/node/-/node-14.17.4.tgz",
      "integrity": "sha512-8kQ3+wKGRNN0ghtEn7EGps/B8CzuBz1nXZEIGGLP2GnwbqYn4dbTs7k+VKLTq1HvZLRCIDtN3Snx1Ege8B7L5A=="
    },
    "typescript": {
      "version": "4.3.3",
      "resolved": "https://registry.npmjs.org/typescript/-/typescript-4.3.3.tgz",
      "integrity": "sha512-rUvLW0WtF7PF2b9yenwWUi9Da9euvDRhmH7BLyBG4DCFfOJ850LGNknmRpp8Z8kXNUPObdZQEfKOiHtXuQHHKA==",
      "dev": true
    }
  }
}
